
Microsoft Visual Studio Solution File, Format Version 12.00
# Visual Studio Version 17
VisualStudioVersion = 17.14.36603.0 d17.14
MinimumVisualStudioVersion = 10.0.40219.1
Project("{FAE04EC0-301F-11D3-BF4B-00C04F79EFBC}") = "BankingConsoleApp", "BankingConsoleApp\BankingConsoleApp.csproj", "{616EE74B-8280-4671-98DB-0A2AD5F1920E}"
EndProject
Global
	GlobalSection(SolutionConfigurationPlatforms) = preSolution
		Debug|Any CPU = Debug|Any CPU
		Release|Any CPU = Release|Any CPU
	EndGlobalSection
	GlobalSection(ProjectConfigurationPlatforms) = postSolution
		{616EE74B-8280-4671-98DB-0A2AD5F1920E}.Debug|Any CPU.ActiveCfg = Debug|Any CPU
		{616EE74B-8280-4671-98DB-0A2AD5F1920E}.Debug|Any CPU.Build.0 = Debug|Any CPU
		{616EE74B-8280-4671-98DB-0A2AD5F1920E}.Release|Any CPU.ActiveCfg = Release|Any CPU
		{616EE74B-8280-4671-98DB-0A2AD5F1920E}.Release|Any CPU.Build.0 = Release|Any CPU
	EndGlobalSection
	GlobalSection(SolutionProperties) = preSolution
		HideSolutionNode = FALSE
	EndGlobalSection
	GlobalSection(ExtensibilityGlobals) = postSolution
		SolutionGuid = {A33EEB7B-7ADA-4CAC-AD98-A1FF538830E5}
	EndGlobalSection
EndGlobal
