
Microsoft Visual Studio Solution File, Format Version 12.00
# Visual Studio Version 17
VisualStudioVersion = 17.14.36603.0 d17.14
MinimumVisualStudioVersion = 10.0.40219.1
Project("{FAE04EC0-301F-11D3-BF4B-00C04F79EFBC}") = "Rider", "Rider\Rider.csproj", "{B2080519-4BD9-4666-BAC3-45CB047942E7}"
EndProject
Global
	GlobalSection(SolutionConfigurationPlatforms) = preSolution
		Debug|Any CPU = Debug|Any CPU
		Release|Any CPU = Release|Any CPU
	EndGlobalSection
	GlobalSection(ProjectConfigurationPlatforms) = postSolution
		{B2080519-4BD9-4666-BAC3-45CB047942E7}.Debug|Any CPU.ActiveCfg = Debug|Any CPU
		{B2080519-4BD9-4666-BAC3-45CB047942E7}.Debug|Any CPU.Build.0 = Debug|Any CPU
		{B2080519-4BD9-4666-BAC3-45CB047942E7}.Release|Any CPU.ActiveCfg = Release|Any CPU
		{B2080519-4BD9-4666-BAC3-45CB047942E7}.Release|Any CPU.Build.0 = Release|Any CPU
	EndGlobalSection
	GlobalSection(SolutionProperties) = preSolution
		HideSolutionNode = FALSE
	EndGlobalSection
	GlobalSection(ExtensibilityGlobals) = postSolution
		SolutionGuid = {09F50364-E952-477D-B266-8DB9F297692A}
	EndGlobalSection
EndGlobal
