
Microsoft Visual Studio Solution File, Format Version 12.00
# Visual Studio Version 17
VisualStudioVersion = 17.14.36603.0
MinimumVisualStudioVersion = 10.0.40219.1
Project("{FAE04EC0-301F-11D3-BF4B-00C04F79EFBC}") = "Day7_Oct22", "Day7(22_Oct_2025)\Day7_Oct22.csproj", "{244E2AEF-C6E4-4023-87BD-65BBB17B510F}"
EndProject
Global
	GlobalSection(SolutionConfigurationPlatforms) = preSolution
		Debug|Any CPU = Debug|Any CPU
		Release|Any CPU = Release|Any CPU
	EndGlobalSection
	GlobalSection(ProjectConfigurationPlatforms) = postSolution
		{244E2AEF-C6E4-4023-87BD-65BBB17B510F}.Debug|Any CPU.ActiveCfg = Debug|Any CPU
		{244E2AEF-C6E4-4023-87BD-65BBB17B510F}.Debug|Any CPU.Build.0 = Debug|Any CPU
		{244E2AEF-C6E4-4023-87BD-65BBB17B510F}.Release|Any CPU.ActiveCfg = Release|Any CPU
		{244E2AEF-C6E4-4023-87BD-65BBB17B510F}.Release|Any CPU.Build.0 = Release|Any CPU
	EndGlobalSection
	GlobalSection(SolutionProperties) = preSolution
		HideSolutionNode = FALSE
	EndGlobalSection
	GlobalSection(ExtensibilityGlobals) = postSolution
		SolutionGuid = {7B872747-DBF6-4439-B685-8C16A1B3E63B}
	EndGlobalSection
EndGlobal
